
Microsoft Visual Studio Solution File, Format Version 12.00
# Visual Studio Version 17
VisualStudioVersion = 17.5.33530.505
MinimumVisualStudioVersion = 10.0.40219.1
Project("{FAE04EC0-301F-11D3-BF4B-00C04F79EFBC}") = "csharp-oop-shop-composizione", "csharp-oop-shop-composizione\csharp-oop-shop-composizione.csproj", "{67D8325C-A6E4-40F6-8082-F10783B45EAF}"
EndProject
Global
	GlobalSection(SolutionConfigurationPlatforms) = preSolution
		Debug|Any CPU = Debug|Any CPU
		Release|Any CPU = Release|Any CPU
	EndGlobalSection
	GlobalSection(ProjectConfigurationPlatforms) = postSolution
		{67D8325C-A6E4-40F6-8082-F10783B45EAF}.Debug|Any CPU.ActiveCfg = Debug|Any CPU
		{67D8325C-A6E4-40F6-8082-F10783B45EAF}.Debug|Any CPU.Build.0 = Debug|Any CPU
		{67D8325C-A6E4-40F6-8082-F10783B45EAF}.Release|Any CPU.ActiveCfg = Release|Any CPU
		{67D8325C-A6E4-40F6-8082-F10783B45EAF}.Release|Any CPU.Build.0 = Release|Any CPU
	EndGlobalSection
	GlobalSection(SolutionProperties) = preSolution
		HideSolutionNode = FALSE
	EndGlobalSection
	GlobalSection(ExtensibilityGlobals) = postSolution
		SolutionGuid = {C4CB2CD6-E96D-45CD-A168-6507495A7FEC}
	EndGlobalSection
EndGlobal
